// !$*UTF8*$!
{
	archiveVersion = 1;
	classes = {
	};
	objectVersion = 46;
	objects = {

/* Begin PBXBuildFile section */
		65F5FB961C9D1083001AD5DA /* TabBarController.swift in Sources */ = {isa = PBXBuildFile; fileRef = 65F5FB951C9D1083001AD5DA /* TabBarController.swift */; };
		CDCE4C931C9651A0004A0E07 /* HomeViewController.swift in Sources */ = {isa = PBXBuildFile; fileRef = CDCE4C921C9651A0004A0E07 /* HomeViewController.swift */; };
		CDCE4C961C969050004A0E07 /* User.swift in Sources */ = {isa = PBXBuildFile; fileRef = CDCE4C951C969050004A0E07 /* User.swift */; };
		CDCE4C981C969066004A0E07 /* Device.swift in Sources */ = {isa = PBXBuildFile; fileRef = CDCE4C971C969066004A0E07 /* Device.swift */; };
		CDCE4C9A1C96907C004A0E07 /* Order.swift in Sources */ = {isa = PBXBuildFile; fileRef = CDCE4C991C96907C004A0E07 /* Order.swift */; };
		CDCE4C9C1C96908C004A0E07 /* Shipment.swift in Sources */ = {isa = PBXBuildFile; fileRef = CDCE4C9B1C96908C004A0E07 /* Shipment.swift */; };
		CDCE4CA61C98DECB004A0E07 /* MyDevicesViewController.swift in Sources */ = {isa = PBXBuildFile; fileRef = CDCE4CA51C98DECB004A0E07 /* MyDevicesViewController.swift */; };
		CDCE4CA81C98E395004A0E07 /* ChooseAnotherDeviceViewController.swift in Sources */ = {isa = PBXBuildFile; fileRef = CDCE4CA71C98E395004A0E07 /* ChooseAnotherDeviceViewController.swift */; };
		CDCE4CAA1C98E401004A0E07 /* EnterSerialNumberViewController.swift in Sources */ = {isa = PBXBuildFile; fileRef = CDCE4CA91C98E401004A0E07 /* EnterSerialNumberViewController.swift */; };
		CDCE4CAC1C98E46B004A0E07 /* WriteUpViewController.swift in Sources */ = {isa = PBXBuildFile; fileRef = CDCE4CAB1C98E46B004A0E07 /* WriteUpViewController.swift */; };
		CDCE4CAE1C98E56A004A0E07 /* ChooseShippingViewController.swift in Sources */ = {isa = PBXBuildFile; fileRef = CDCE4CAD1C98E569004A0E07 /* ChooseShippingViewController.swift */; };
		CDCE4CB01C98E5A8004A0E07 /* PaymentViewController.swift in Sources */ = {isa = PBXBuildFile; fileRef = CDCE4CAF1C98E5A8004A0E07 /* PaymentViewController.swift */; };
		CDCE4CB41C98E617004A0E07 /* OrderThreadViewController.swift in Sources */ = {isa = PBXBuildFile; fileRef = CDCE4CB31C98E617004A0E07 /* OrderThreadViewController.swift */; };
		CDCE4CB61C98E66A004A0E07 /* ProfileViewController.swift in Sources */ = {isa = PBXBuildFile; fileRef = CDCE4CB51C98E66A004A0E07 /* ProfileViewController.swift */; };
		CDCE4CB81C98EFFE004A0E07 /* OrdersViewController.swift in Sources */ = {isa = PBXBuildFile; fileRef = CDCE4CB71C98EFFE004A0E07 /* OrdersViewController.swift */; };
		CDFFF01E1C7F61C100F664C9 /* AppDelegate.swift in Sources */ = {isa = PBXBuildFile; fileRef = CDFFF01D1C7F61C100F664C9 /* AppDelegate.swift */; };
		CDFFF0231C7F61C100F664C9 /* Main.storyboard in Resources */ = {isa = PBXBuildFile; fileRef = CDFFF0211C7F61C100F664C9 /* Main.storyboard */; };
		CDFFF0251C7F61C100F664C9 /* Assets.xcassets in Resources */ = {isa = PBXBuildFile; fileRef = CDFFF0241C7F61C100F664C9 /* Assets.xcassets */; };
		CDFFF0281C7F61C100F664C9 /* LaunchScreen.storyboard in Resources */ = {isa = PBXBuildFile; fileRef = CDFFF0261C7F61C100F664C9 /* LaunchScreen.storyboard */; };
/* End PBXBuildFile section */

/* Begin PBXFileReference section */
		65F5FB951C9D1083001AD5DA /* TabBarController.swift */ = {isa = PBXFileReference; fileEncoding = 4; lastKnownFileType = sourcecode.swift; name = TabBarController.swift; path = shakeel/TabBarController.swift; sourceTree = "<group>"; };
		CDCE4C921C9651A0004A0E07 /* HomeViewController.swift */ = {isa = PBXFileReference; fileEncoding = 4; lastKnownFileType = sourcecode.swift; path = HomeViewController.swift; sourceTree = "<group>"; };
		CDCE4C951C969050004A0E07 /* User.swift */ = {isa = PBXFileReference; fileEncoding = 4; lastKnownFileType = sourcecode.swift; path = User.swift; sourceTree = "<group>"; };
		CDCE4C971C969066004A0E07 /* Device.swift */ = {isa = PBXFileReference; fileEncoding = 4; lastKnownFileType = sourcecode.swift; path = Device.swift; sourceTree = "<group>"; };
		CDCE4C991C96907C004A0E07 /* Order.swift */ = {isa = PBXFileReference; fileEncoding = 4; lastKnownFileType = sourcecode.swift; path = Order.swift; sourceTree = "<group>"; };
		CDCE4C9B1C96908C004A0E07 /* Shipment.swift */ = {isa = PBXFileReference; fileEncoding = 4; lastKnownFileType = sourcecode.swift; path = Shipment.swift; sourceTree = "<group>"; };
		CDCE4CA51C98DECB004A0E07 /* MyDevicesViewController.swift */ = {isa = PBXFileReference; fileEncoding = 4; lastKnownFileType = sourcecode.swift; path = MyDevicesViewController.swift; sourceTree = "<group>"; };
		CDCE4CA71C98E395004A0E07 /* ChooseAnotherDeviceViewController.swift */ = {isa = PBXFileReference; fileEncoding = 4; lastKnownFileType = sourcecode.swift; path = ChooseAnotherDeviceViewController.swift; sourceTree = "<group>"; };
		CDCE4CA91C98E401004A0E07 /* EnterSerialNumberViewController.swift */ = {isa = PBXFileReference; fileEncoding = 4; lastKnownFileType = sourcecode.swift; path = EnterSerialNumberViewController.swift; sourceTree = "<group>"; };
		CDCE4CAB1C98E46B004A0E07 /* WriteUpViewController.swift */ = {isa = PBXFileReference; fileEncoding = 4; lastKnownFileType = sourcecode.swift; path = WriteUpViewController.swift; sourceTree = "<group>"; };
		CDCE4CAD1C98E569004A0E07 /* ChooseShippingViewController.swift */ = {isa = PBXFileReference; fileEncoding = 4; lastKnownFileType = sourcecode.swift; path = ChooseShippingViewController.swift; sourceTree = "<group>"; };
		CDCE4CAF1C98E5A8004A0E07 /* PaymentViewController.swift */ = {isa = PBXFileReference; fileEncoding = 4; lastKnownFileType = sourcecode.swift; path = PaymentViewController.swift; sourceTree = "<group>"; };
		CDCE4CB31C98E617004A0E07 /* OrderThreadViewController.swift */ = {isa = PBXFileReference; fileEncoding = 4; lastKnownFileType = sourcecode.swift; path = OrderThreadViewController.swift; sourceTree = "<group>"; };
		CDCE4CB51C98E66A004A0E07 /* ProfileViewController.swift */ = {isa = PBXFileReference; fileEncoding = 4; lastKnownFileType = sourcecode.swift; path = ProfileViewController.swift; sourceTree = "<group>"; };
		CDCE4CB71C98EFFE004A0E07 /* OrdersViewController.swift */ = {isa = PBXFileReference; fileEncoding = 4; lastKnownFileType = sourcecode.swift; path = OrdersViewController.swift; sourceTree = "<group>"; };
		CDFFF01A1C7F61C100F664C9 /* shakeel.app */ = {isa = PBXFileReference; explicitFileType = wrapper.application; includeInIndex = 0; path = shakeel.app; sourceTree = BUILT_PRODUCTS_DIR; };
		CDFFF01D1C7F61C100F664C9 /* AppDelegate.swift */ = {isa = PBXFileReference; lastKnownFileType = sourcecode.swift; path = AppDelegate.swift; sourceTree = "<group>"; };
		CDFFF0221C7F61C100F664C9 /* Base */ = {isa = PBXFileReference; lastKnownFileType = file.storyboard; name = Base; path = Base.lproj/Main.storyboard; sourceTree = "<group>"; };
		CDFFF0241C7F61C100F664C9 /* Assets.xcassets */ = {isa = PBXFileReference; lastKnownFileType = folder.assetcatalog; path = Assets.xcassets; sourceTree = "<group>"; };
		CDFFF0271C7F61C100F664C9 /* Base */ = {isa = PBXFileReference; lastKnownFileType = file.storyboard; name = Base; path = Base.lproj/LaunchScreen.storyboard; sourceTree = "<group>"; };
		CDFFF0291C7F61C100F664C9 /* Info.plist */ = {isa = PBXFileReference; lastKnownFileType = text.plist.xml; path = Info.plist; sourceTree = "<group>"; };
/* End PBXFileReference section */

/* Begin PBXFrameworksBuildPhase section */
		CDFFF0171C7F61C100F664C9 /* Frameworks */ = {
			isa = PBXFrameworksBuildPhase;
			buildActionMask = 2147483647;
			files = (
			);
			runOnlyForDeploymentPostprocessing = 0;
		};
/* End PBXFrameworksBuildPhase section */

/* Begin PBXGroup section */
		CDCE4C911C965173004A0E07 /* View Controllers */ = {
			isa = PBXGroup;
			children = (
				CDCE4C921C9651A0004A0E07 /* HomeViewController.swift */,
				CDCE4CA51C98DECB004A0E07 /* MyDevicesViewController.swift */,
				CDCE4CA71C98E395004A0E07 /* ChooseAnotherDeviceViewController.swift */,
				CDCE4CA91C98E401004A0E07 /* EnterSerialNumberViewController.swift */,
				CDCE4CAB1C98E46B004A0E07 /* WriteUpViewController.swift */,
				CDCE4CAD1C98E569004A0E07 /* ChooseShippingViewController.swift */,
				CDCE4CAF1C98E5A8004A0E07 /* PaymentViewController.swift */,
				CDCE4CB31C98E617004A0E07 /* OrderThreadViewController.swift */,
				CDCE4CB71C98EFFE004A0E07 /* OrdersViewController.swift */,
				CDCE4CB51C98E66A004A0E07 /* ProfileViewController.swift */,
			);
			name = "View Controllers";
			sourceTree = "<group>";
		};
		CDCE4C941C968F5C004A0E07 /* Models */ = {
			isa = PBXGroup;
			children = (
				CDCE4C951C969050004A0E07 /* User.swift */,
				CDCE4C971C969066004A0E07 /* Device.swift */,
				CDCE4C991C96907C004A0E07 /* Order.swift */,
				CDCE4C9B1C96908C004A0E07 /* Shipment.swift */,
			);
			name = Models;
			sourceTree = "<group>";
		};
		CDCE4CB91C990572004A0E07 /* Views */ = {
			isa = PBXGroup;
			children = (
			);
			name = Views;
			sourceTree = "<group>";
		};
		CDCE4CBA1C990622004A0E07 /* Storyboards */ = {
			isa = PBXGroup;
			children = (
				CDFFF0211C7F61C100F664C9 /* Main.storyboard */,
				CDFFF0261C7F61C100F664C9 /* LaunchScreen.storyboard */,
			);
			name = Storyboards;
			sourceTree = "<group>";
		};
		CDFFF0111C7F61C100F664C9 = {
			isa = PBXGroup;
			children = (
				65F5FB951C9D1083001AD5DA /* TabBarController.swift */,
				CDFFF01C1C7F61C100F664C9 /* shakeel */,
				CDFFF01B1C7F61C100F664C9 /* Products */,
			);
			sourceTree = "<group>";
		};
		CDFFF01B1C7F61C100F664C9 /* Products */ = {
			isa = PBXGroup;
			children = (
				CDFFF01A1C7F61C100F664C9 /* shakeel.app */,
			);
			name = Products;
			sourceTree = "<group>";
		};
		CDFFF01C1C7F61C100F664C9 /* shakeel */ = {
			isa = PBXGroup;
			children = (
				CDCE4C911C965173004A0E07 /* View Controllers */,
				CDCE4CB91C990572004A0E07 /* Views */,
				CDCE4C941C968F5C004A0E07 /* Models */,
				CDCE4CBA1C990622004A0E07 /* Storyboards */,
				CDFFF01D1C7F61C100F664C9 /* AppDelegate.swift */,
				CDFFF0241C7F61C100F664C9 /* Assets.xcassets */,
				CDFFF0291C7F61C100F664C9 /* Info.plist */,
			);
			path = shakeel;
			sourceTree = "<group>";
		};
/* End PBXGroup section */

/* Begin PBXNativeTarget section */
		CDFFF0191C7F61C100F664C9 /* shakeel */ = {
			isa = PBXNativeTarget;
			buildConfigurationList = CDFFF02C1C7F61C100F664C9 /* Build configuration list for PBXNativeTarget "shakeel" */;
			buildPhases = (
				CDFFF0161C7F61C100F664C9 /* Sources */,
				CDFFF0171C7F61C100F664C9 /* Frameworks */,
				CDFFF0181C7F61C100F664C9 /* Resources */,
			);
			buildRules = (
			);
			dependencies = (
			);
			name = shakeel;
			productName = shakeel;
			productReference = CDFFF01A1C7F61C100F664C9 /* shakeel.app */;
			productType = "com.apple.product-type.application";
		};
/* End PBXNativeTarget section */

/* Begin PBXProject section */
		CDFFF0121C7F61C100F664C9 /* Project object */ = {
			isa = PBXProject;
			attributes = {
				LastSwiftUpdateCheck = 0720;
				LastUpgradeCheck = 0720;
				ORGANIZATIONNAME = ccsf;
				TargetAttributes = {
					CDFFF0191C7F61C100F664C9 = {
						CreatedOnToolsVersion = 7.2;
						DevelopmentTeam = P4W58GG47A;
					};
				};
			};
			buildConfigurationList = CDFFF0151C7F61C100F664C9 /* Build configuration list for PBXProject "shakeel" */;
			compatibilityVersion = "Xcode 3.2";
			developmentRegion = English;
			hasScannedForEncodings = 0;
			knownRegions = (
				en,
				Base,
			);
			mainGroup = CDFFF0111C7F61C100F664C9;
			productRefGroup = CDFFF01B1C7F61C100F664C9 /* Products */;
			projectDirPath = "";
			projectRoot = "";
			targets = (
				CDFFF0191C7F61C100F664C9 /* shakeel */,
			);
		};
/* End PBXProject section */

/* Begin PBXResourcesBuildPhase section */
		CDFFF0181C7F61C100F664C9 /* Resources */ = {
			isa = PBXResourcesBuildPhase;
			buildActionMask = 2147483647;
			files = (
				CDFFF0281C7F61C100F664C9 /* LaunchScreen.storyboard in Resources */,
				CDFFF0251C7F61C100F664C9 /* Assets.xcassets in Resources */,
				CDFFF0231C7F61C100F664C9 /* Main.storyboard in Resources */,
			);
			runOnlyForDeploymentPostprocessing = 0;
		};
/* End PBXResourcesBuildPhase section */

/* Begin PBXSourcesBuildPhase section */
		CDFFF0161C7F61C100F664C9 /* Sources */ = {
			isa = PBXSourcesBuildPhase;
			buildActionMask = 2147483647;
			files = (
				CDCE4C961C969050004A0E07 /* User.swift in Sources */,
				65F5FB961C9D1083001AD5DA /* TabBarController.swift in Sources */,
				CDCE4C9C1C96908C004A0E07 /* Shipment.swift in Sources */,
				CDCE4CB41C98E617004A0E07 /* OrderThreadViewController.swift in Sources */,
				CDCE4CAE1C98E56A004A0E07 /* ChooseShippingViewController.swift in Sources */,
				CDCE4CB61C98E66A004A0E07 /* ProfileViewController.swift in Sources */,
				CDFFF01E1C7F61C100F664C9 /* AppDelegate.swift in Sources */,
				CDCE4CA61C98DECB004A0E07 /* MyDevicesViewController.swift in Sources */,
				CDCE4C931C9651A0004A0E07 /* HomeViewController.swift in Sources */,
				CDCE4CAA1C98E401004A0E07 /* EnterSerialNumberViewController.swift in Sources */,
				CDCE4CA81C98E395004A0E07 /* ChooseAnotherDeviceViewController.swift in Sources */,
				CDCE4CB01C98E5A8004A0E07 /* PaymentViewController.swift in Sources */,
				CDCE4C981C969066004A0E07 /* Device.swift in Sources */,
				CDCE4C9A1C96907C004A0E07 /* Order.swift in Sources */,
				CDCE4CB81C98EFFE004A0E07 /* OrdersViewController.swift in Sources */,
				CDCE4CAC1C98E46B004A0E07 /* WriteUpViewController.swift in Sources */,
			);
			runOnlyForDeploymentPostprocessing = 0;
		};
/* End PBXSourcesBuildPhase section */

/* Begin PBXVariantGroup section */
		CDFFF0211C7F61C100F664C9 /* Main.storyboard */ = {
			isa = PBXVariantGroup;
			children = (
				CDFFF0221C7F61C100F664C9 /* Base */,
			);
			name = Main.storyboard;
			sourceTree = "<group>";
		};
		CDFFF0261C7F61C100F664C9 /* LaunchScreen.storyboard */ = {
			isa = PBXVariantGroup;
			children = (
				CDFFF0271C7F61C100F664C9 /* Base */,
			);
			name = LaunchScreen.storyboard;
			sourceTree = "<group>";
		};
/* End PBXVariantGroup section */

/* Begin XCBuildConfiguration section */
		CDFFF02A1C7F61C100F664C9 /* Debug */ = {
			isa = XCBuildConfiguration;
			buildSettings = {
				ALWAYS_SEARCH_USER_PATHS = NO;
				CLANG_CXX_LANGUAGE_STANDARD = "gnu++0x";
				CLANG_CXX_LIBRARY = "libc++";
				CLANG_ENABLE_MODULES = YES;
				CLANG_ENABLE_OBJC_ARC = YES;
				CLANG_WARN_BOOL_CONVERSION = YES;
				CLANG_WARN_CONSTANT_CONVERSION = YES;
				CLANG_WARN_DIRECT_OBJC_ISA_USAGE = YES_ERROR;
				CLANG_WARN_EMPTY_BODY = YES;
				CLANG_WARN_ENUM_CONVERSION = YES;
				CLANG_WARN_INT_CONVERSION = YES;
				CLANG_WARN_OBJC_ROOT_CLASS = YES_ERROR;
				CLANG_WARN_UNREACHABLE_CODE = YES;
				CLANG_WARN__DUPLICATE_METHOD_MATCH = YES;
				"CODE_SIGN_IDENTITY[sdk=iphoneos*]" = "iPhone Developer";
				COPY_PHASE_STRIP = NO;
				DEBUG_INFORMATION_FORMAT = dwarf;
				ENABLE_STRICT_OBJC_MSGSEND = YES;
				ENABLE_TESTABILITY = YES;
				GCC_C_LANGUAGE_STANDARD = gnu99;
				GCC_DYNAMIC_NO_PIC = NO;
				GCC_NO_COMMON_BLOCKS = YES;
				GCC_OPTIMIZATION_LEVEL = 0;
				GCC_PREPROCESSOR_DEFINITIONS = (
					"DEBUG=1",
					"$(inherited)",
				);
				GCC_WARN_64_TO_32_BIT_CONVERSION = YES;
				GCC_WARN_ABOUT_RETURN_TYPE = YES_ERROR;
				GCC_WARN_UNDECLARED_SELECTOR = YES;
				GCC_WARN_UNINITIALIZED_AUTOS = YES_AGGRESSIVE;
				GCC_WARN_UNUSED_FUNCTION = YES;
				GCC_WARN_UNUSED_VARIABLE = YES;
				IPHONEOS_DEPLOYMENT_TARGET = 9.2;
				MTL_ENABLE_DEBUG_INFO = YES;
				ONLY_ACTIVE_ARCH = YES;
				SDKROOT = iphoneos;
				SWIFT_OPTIMIZATION_LEVEL = "-Onone";
			};
			name = Debug;
		};
		CDFFF02B1C7F61C100F664C9 /* Release */ = {
			isa = XCBuildConfiguration;
			buildSettings = {
				ALWAYS_SEARCH_USER_PATHS = NO;
				CLANG_CXX_LANGUAGE_STANDARD = "gnu++0x";
				CLANG_CXX_LIBRARY = "libc++";
				CLANG_ENABLE_MODULES = YES;
				CLANG_ENABLE_OBJC_ARC = YES;
				CLANG_WARN_BOOL_CONVERSION = YES;
				CLANG_WARN_CONSTANT_CONVERSION = YES;
				CLANG_WARN_DIRECT_OBJC_ISA_USAGE = YES_ERROR;
				CLANG_WARN_EMPTY_BODY = YES;
				CLANG_WARN_ENUM_CONVERSION = YES;
				CLANG_WARN_INT_CONVERSION = YES;
				CLANG_WARN_OBJC_ROOT_CLASS = YES_ERROR;
				CLANG_WARN_UNREACHABLE_CODE = YES;
				CLANG_WARN__DUPLICATE_METHOD_MATCH = YES;
				"CODE_SIGN_IDENTITY[sdk=iphoneos*]" = "iPhone Developer";
				COPY_PHASE_STRIP = NO;
				DEBUG_INFORMATION_FORMAT = "dwarf-with-dsym";
				ENABLE_NS_ASSERTIONS = NO;
				ENABLE_STRICT_OBJC_MSGSEND = YES;
				GCC_C_LANGUAGE_STANDARD = gnu99;
				GCC_NO_COMMON_BLOCKS = YES;
				GCC_WARN_64_TO_32_BIT_CONVERSION = YES;
				GCC_WARN_ABOUT_RETURN_TYPE = YES_ERROR;
				GCC_WARN_UNDECLARED_SELECTOR = YES;
				GCC_WARN_UNINITIALIZED_AUTOS = YES_AGGRESSIVE;
				GCC_WARN_UNUSED_FUNCTION = YES;
				GCC_WARN_UNUSED_VARIABLE = YES;
				IPHONEOS_DEPLOYMENT_TARGET = 9.2;
				MTL_ENABLE_DEBUG_INFO = NO;
				SDKROOT = iphoneos;
				VALIDATE_PRODUCT = YES;
			};
			name = Release;
		};
		CDFFF02D1C7F61C100F664C9 /* Debug */ = {
			isa = XCBuildConfiguration;
			buildSettings = {
				ASSETCATALOG_COMPILER_APPICON_NAME = AppIcon;
				INFOPLIST_FILE = shakeel/Info.plist;
				LD_RUNPATH_SEARCH_PATHS = "$(inherited) @executable_path/Frameworks";
				PRODUCT_BUNDLE_IDENTIFIER = edu.ccsf.shakeel;
				PRODUCT_NAME = "$(TARGET_NAME)";
			};
			name = Debug;
		};
		CDFFF02E1C7F61C100F664C9 /* Release */ = {
			isa = XCBuildConfiguration;
			buildSettings = {
				ASSETCATALOG_COMPILER_APPICON_NAME = AppIcon;
				INFOPLIST_FILE = shakeel/Info.plist;
				LD_RUNPATH_SEARCH_PATHS = "$(inherited) @executable_path/Frameworks";
				PRODUCT_BUNDLE_IDENTIFIER = edu.ccsf.shakeel;
				PRODUCT_NAME = "$(TARGET_NAME)";
			};
			name = Release;
		};
/* End XCBuildConfiguration section */

/* Begin XCConfigurationList section */
		CDFFF0151C7F61C100F664C9 /* Build configuration list for PBXProject "shakeel" */ = {
			isa = XCConfigurationList;
			buildConfigurations = (
				CDFFF02A1C7F61C100F664C9 /* Debug */,
				CDFFF02B1C7F61C100F664C9 /* Release */,
			);
			defaultConfigurationIsVisible = 0;
			defaultConfigurationName = Release;
		};
		CDFFF02C1C7F61C100F664C9 /* Build configuration list for PBXNativeTarget "shakeel" */ = {
			isa = XCConfigurationList;
			buildConfigurations = (
				CDFFF02D1C7F61C100F664C9 /* Debug */,
				CDFFF02E1C7F61C100F664C9 /* Release */,
			);
			defaultConfigurationIsVisible = 0;
			defaultConfigurationName = Release;
		};
/* End XCConfigurationList section */
	};
	rootObject = CDFFF0121C7F61C100F664C9 /* Project object */;
}
